{
  "requires": true,
  "lockfileVersion": 1,
  "dependencies": {
    "bootstrap": {
      "version": "https://registry.npmjs.org/bootstrap/-/bootstrap-3.3.7.tgz",
      "integrity": "sha1-WjiTlFSfIzMIdaOxUGVldPip63E="
    },
    "particlesjs": {
      "version": "2.1.0",
      "resolved": "https://registry.npmjs.org/particlesjs/-/particlesjs-2.1.0.tgz",
      "integrity": "sha512-NdRTnKAgrN9tRLluxhk0MxydlzAh/e9BMCTC/xB0wVw7IAYy3T97dPCLaHDXZLK1/64VM45D85bm4P5oGnSzlA=="
    }
  }
}
